chardet==5.2.0 --hash=sha256:e1cf59446890a00105fe7b7912492ea04b6e6f06d4b742b2c788469e34c82970
iniconfig==2.3.0 --hash=sha256:f631c04d2c48c52b84d0d0549c99ff3859c98df65b3101406327ecc7d53fbf12
packaging==26.2 --hash=sha256:5fc45236b9446107ff2415ce77c807cee2862cb6fac22b8a73826d0693b0980e
pluggy==1.6.0 --hash=sha256:e920276dd6813095e9377c0bc5566d94c932c33b27a3e3945d8389c374dd4746
pyahocorasick==2.3.1 --hash=sha256:9a4d4f5b05ce9d8af82c40ed39cd6892613e9e8bf1b5e6ea79009c566430adb1 --hash=sha256:9ec1d3465f25a5063c7eaa85ecb106cbe256064669c754e0b13b2483cf613a98
pygments==2.20.0 --hash=sha256:81a9e26dd42fd28a23a2d169d86d7ac03b46e2f8b59ed4698fb4785f946d0176
pytest==9.0.3 --hash=sha256:2c5efc453d45394fdd706ade797c0a81091eccd1d6e4bccfcd476e2b8e0ab5d9
setuptools==82.0.1 --hash=sha256:a59e362652f08dcd477c78bb6e7bd9d80a7995bc73ce773050228a348ce2e5bb
tree-sitter==0.23.2 --hash=sha256:4471577df285059c71686ecb208bc50fb472099b38dcc8e849b0e86652891e87 --hash=sha256:f342c925290dd4e20ecd5787ef7ae8749981597ab364783a1eb73173efe65226
tree-sitter-c==0.23.4 --hash=sha256:5e42a3519825ca59c91b2b7aec08dd3c89e02690c7b315d54a1e1743f9be3f15 --hash=sha256:c15c7588c3d95872328019073a8d5eaf7c2691b4d4ef0393a0168399b2ad2356
tree-sitter-java==0.23.5 --hash=sha256:370b204b9500b847f6d0c5ad584045831cee69e9a3e4d878535d39e4a7e4c4f1 --hash=sha256:9401e7271f0b333df39fc8a8336a0caf1b891d9a2b89ddee99fae66b794fc5b7
tree-sitter-javascript==0.23.1 --hash=sha256:056dc04fb6b24293f8c5fec43c14e7e16ba2075b3009c643abf8c85edc4c7c3c --hash=sha256:5a6bc1055b061c5055ec58f39ee9b2e9efb8e6e0ae970838af74da0afb811f0a
tree-sitter-python==0.23.6 --hash=sha256:29dacdc0cd2f64e55e61d96c6906533ebb2791972bec988450c46cce60092f5d --hash=sha256:8a9dcef55507b6567207e8ee0a6b053d0688019b47ff7f26edc1764b7f4dc0a4
tree-sitter-typescript==0.23.2 --hash=sha256:4b1eed5b0b3a8134e86126b00b743d667ec27c63fc9de1b7bb23168803879e31 --hash=sha256:e96d36b85bcacdeb8ff5c2618d75593ef12ebaf1b4eace3477e2bdb2abb1752c
wheel==0.47.0 --hash=sha256:212281cab4dff978f6cedd499cd893e1f620791ca6ff7107cf270781e587eced
